
Microsoft Visual Studio Solution File, Format Version 12.00
# Visual Studio Version 16
VisualStudioVersion = 16.0.31129.286
MinimumVisualStudioVersion = 10.0.40219.1
Project("{FAE04EC0-301F-11D3-BF4B-00C04F79EFBC}") = "API_Unit_Testing_xUnit_ASP_NET_Core", "Unit_Testing_xUnit_ASP_NET_Core\API_Unit_Testing_xUnit_ASP_NET_Core.csproj", "{AC198D85-2080-4E55-A67C-E8A56404555D}"
EndProject
Project("{FAE04EC0-301F-11D3-BF4B-00C04F79EFBC}") = "Test_xUnit_ASP_NET_CORE_5", "Test_xUnit_ASP_NET_CORE_5\Test_xUnit_ASP_NET_CORE_5.csproj", "{7387284C-1478-48CD-B830-CFC16B3BFEBF}"
EndProject
Global
	GlobalSection(SolutionConfigurationPlatforms) = preSolution
		Debug|Any CPU = Debug|Any CPU
		Release|Any CPU = Release|Any CPU
	EndGlobalSection
	GlobalSection(ProjectConfigurationPlatforms) = postSolution
		{AC198D85-2080-4E55-A67C-E8A56404555D}.Debug|Any CPU.ActiveCfg = Debug|Any CPU
		{AC198D85-2080-4E55-A67C-E8A56404555D}.Debug|Any CPU.Build.0 = Debug|Any CPU
		{AC198D85-2080-4E55-A67C-E8A56404555D}.Release|Any CPU.ActiveCfg = Release|Any CPU
		{AC198D85-2080-4E55-A67C-E8A56404555D}.Release|Any CPU.Build.0 = Release|Any CPU
		{7387284C-1478-48CD-B830-CFC16B3BFEBF}.Debug|Any CPU.ActiveCfg = Debug|Any CPU
		{7387284C-1478-48CD-B830-CFC16B3BFEBF}.Debug|Any CPU.Build.0 = Debug|Any CPU
		{7387284C-1478-48CD-B830-CFC16B3BFEBF}.Release|Any CPU.ActiveCfg = Release|Any CPU
		{7387284C-1478-48CD-B830-CFC16B3BFEBF}.Release|Any CPU.Build.0 = Release|Any CPU
	EndGlobalSection
	GlobalSection(SolutionProperties) = preSolution
		HideSolutionNode = FALSE
	EndGlobalSection
	GlobalSection(ExtensibilityGlobals) = postSolution
		SolutionGuid = {BC672A7B-1136-42AA-A7F7-511DE8EED221}
	EndGlobalSection
EndGlobal
